# This file is automatically @generated by Poetry 1.8.2 and should not be changed by hand.

[[package]]
name = "qbase58"
version = "1.0.4"
description = "Quick Base58 encoding/decoding."
optional = false
python-versions = ">=3.8"
files = [
    {file = "qbase58-1.0.4-cp310-cp310-manylinux_2_17_x86_64.manylinux2014_x86_64.whl", hash = "sha256:f76d25e5cb694fe1271e67d9df171561c7802252ed319f7ef4e7c47d5381616f"},
    {file = "qbase58-1.0.4-cp310-cp310-musllinux_1_2_x86_64.whl", hash = "sha256:edb4f0745f9e739a091619707e2218d5399f56d6cfeb87714ab7623769f3346d"},
    {file = "qbase58-1.0.4-cp311-cp311-manylinux_2_17_x86_64.manylinux2014_x86_64.whl", hash = "sha256:485bc950e99d0e97e209439222fa7adcbbcfebcebf6324aa0769377764dd623e"},
    {file = "qbase58-1.0.4-cp311-cp311-musllinux_1_2_x86_64.whl", hash = "sha256:a49b840a0c6ff3189fbe62c267ddeed1b26f4eba5bc0b5a45466c33770372ee5"},
    {file = "qbase58-1.0.4-cp312-cp312-manylinux_2_17_x86_64.manylinux2014_x86_64.whl", hash = "sha256:575f357aa274f08ff817193dde07b89b1715c6f5a3d47391ff2e2d1b2b32a7fd"},
    {file = "qbase58-1.0.4-cp312-cp312-musllinux_1_2_x86_64.whl", hash = "sha256:6bde43041383cfdca524c41a9a30c1d13124fbfeb165a6c9da783ac6f23ec4e7"},
    {file = "qbase58-1.0.4-cp313-cp313-manylinux_2_17_x86_64.manylinux2014_x86_64.whl", hash = "sha256:4a1892b752828564b06628fdac5e39dcbd41e91526b4d5bc84fd24fddb0eabed"},
    {file = "qbase58-1.0.4-cp313-cp313-musllinux_1_2_x86_64.whl", hash = "sha256:38e5c09cf37a994ddeb7d68f76c3f44c04756d224c4c9e524d6132855e149ae6"},
    {file = "qbase58-1.0.4-cp38-cp38-manylinux_2_17_x86_64.manylinux2014_x86_64.whl", hash = "sha256:d966de6831f5392ec31e350fa9de993a2804091e21423ae2a9dfe6b7a9c777f7"},
    {file = "qbase58-1.0.4-cp38-cp38-musllinux_1_2_x86_64.whl", hash = "sha256:73b6c612f85ef5d431b69a32cad324d87be28a887a8b76cf70ea322b6a0e6b10"},
    {file = "qbase58-1.0.4-cp39-cp39-manylinux_2_17_x86_64.manylinux2014_x86_64.whl", hash = "sha256:0686fdd2e16a37c3d7fac9bc90602abc266d1e76de220f9993407dbd8a2dca56"},
    {file = "qbase58-1.0.4-cp39-cp39-musllinux_1_2_x86_64.whl", hash = "sha256:a654603909e4e8243255e1d98e20f513e5019edbb85381bc4394410471ebc51c"},
    {file = "qbase58-1.0.4-pp310-pypy310_pp73-manylinux_2_17_x86_64.manylinux2014_x86_64.whl", hash = "sha256:08ab771bf11988b0a0dd6ddbf1814609cf5704985fa058d1ce84ff850a86dd1a"},
    {file = "qbase58-1.0.4-pp38-pypy38_pp73-manylinux_2_17_x86_64.manylinux2014_x86_64.whl", hash = "sha256:1e5820a8f9cbe73305c2c78243cf6afc0599c46f7ae20cd1ea834cc91fdf778d"},
    {file = "qbase58-1.0.4-pp39-pypy39_pp73-manylinux_2_17_x86_64.manylinux2014_x86_64.whl", hash = "sha256:41c1eee958a2a996a1b6e9ab6680c2baf0c77fc98879c225bbf5bf37ed6c79fb"},
    {file = "qbase58-1.0.4.tar.gz", hash = "sha256:a8c4532948c87836040c936351e600baf01bb33e45e30c1e931710cd3692b1f7"},
]

[package.extras]
dev = ["pytest"]

[[package]]
name = "qborsh"
version = "1.0.1"
description = "Borsh serialization for Python written in C."
optional = false
python-versions = ">=3.10"
files = [
    {file = "qborsh-1.0.1-cp310-cp310-manylinux_2_17_x86_64.manylinux2014_x86_64.whl", hash = "sha256:e9935243a9f9fe9ebd259ae9824c8aaf43a3ff616876a510373ef38f41c32b21"},
    {file = "qborsh-1.0.1-cp310-cp310-musllinux_1_2_x86_64.whl", hash = "sha256:f9305efee15fa54489a3831be414b84abeb73783003b4dc713c540316f308285"},
    {file = "qborsh-1.0.1-cp311-cp311-manylinux_2_17_x86_64.manylinux2014_x86_64.whl", hash = "sha256:9c77f2221606c0ec74493e5f2b0d23940bd05e106284866d181f04464d5705cc"},
    {file = "qborsh-1.0.1-cp311-cp311-musllinux_1_2_x86_64.whl", hash = "sha256:e76d42a049e1ce66815a01f52339cd381944cefbdf620608e7b9092be0a9e03d"},
    {file = "qborsh-1.0.1-cp312-cp312-manylinux_2_17_x86_64.manylinux2014_x86_64.whl", hash = "sha256:6d42f6553b5bf251ac69432cecbe6013cfa44290c1c4cc14b7d2315f37fd7f0a"},
    {file = "qborsh-1.0.1-cp312-cp312-musllinux_1_2_x86_64.whl", hash = "sha256:890c40eea4bf18257d0e2e240a84d2723d72de4403bf2f5a18bdca7ade09750e"},
    {file = "qborsh-1.0.1-cp313-cp313-manylinux_2_17_x86_64.manylinux2014_x86_64.whl", hash = "sha256:b17702388d9bfd60e66b49710fa936cd211188c465e5e40ca82b093178c63d70"},
    {file = "qborsh-1.0.1-cp313-cp313-musllinux_1_2_x86_64.whl", hash = "sha256:7cbe42ac4e5c871bf36024225ec33d74b4ec2930dd1fbe8fe6c077bdb95a8db4"},
    {file = "qborsh-1.0.1-pp310-pypy310_pp73-manylinux_2_17_x86_64.manylinux2014_x86_64.whl", hash = "sha256:818c26feaa701c04a98b1e28b86680b2f9421e599fbfcc117aee0fa962fb1575"},
    {file = "qborsh-1.0.1.tar.gz", hash = "sha256:a8376bdefbfb9f920fd1a4a9dac34ff0f2b7ae110601e759f1119753a8f0e17b"},
]

[package.dependencies]
qbase58 = "1.0.4"

[package.extras]
dev = ["pytest"]

[metadata]
lock-version = "2.0"
python-versions = "^3.12"
content-hash = "62c39e3c2b087b245b5e5f8d2140beb1491c091b3803a59d88e1d7b1d1c66a68"
